
Microsoft Visual Studio Solution File, Format Version 12.00
# Visual Studio Version 17
VisualStudioVersion = 17.8.34316.72
MinimumVisualStudioVersion = 10.0.40219.1
Project("{FAE04EC0-301F-11D3-BF4B-00C04F79EFBC}") = "LayersArchDemo.API", "LayersArchDemo\LayersArchDemo.API.csproj", "{154483B5-544F-469D-8D64-98E63602CAEE}"
EndProject
Project("{FAE04EC0-301F-11D3-BF4B-00C04F79EFBC}") = "LayersArchDemo.BLL", "LayersArchDemo.BLL\LayersArchDemo.BLL.csproj", "{2B79D3A6-BD87-4817-9FB8-0056D3288044}"
EndProject
Project("{FAE04EC0-301F-11D3-BF4B-00C04F79EFBC}") = "LayersArchDemo.DAL", "LayersArchDemo.DAL\LayersArchDemo.DAL.csproj", "{C591B90D-A875-4598-8AB1-8B79049DFF91}"
EndProject
Global
	GlobalSection(SolutionConfigurationPlatforms) = preSolution
		Debug|Any CPU = Debug|Any CPU
		Release|Any CPU = Release|Any CPU
	EndGlobalSection
	GlobalSection(ProjectConfigurationPlatforms) = postSolution
		{154483B5-544F-469D-8D64-98E63602CAEE}.Debug|Any CPU.ActiveCfg = Debug|Any CPU
		{154483B5-544F-469D-8D64-98E63602CAEE}.Debug|Any CPU.Build.0 = Debug|Any CPU
		{154483B5-544F-469D-8D64-98E63602CAEE}.Release|Any CPU.ActiveCfg = Release|Any CPU
		{154483B5-544F-469D-8D64-98E63602CAEE}.Release|Any CPU.Build.0 = Release|Any CPU
		{2B79D3A6-BD87-4817-9FB8-0056D3288044}.Debug|Any CPU.ActiveCfg = Debug|Any CPU
		{2B79D3A6-BD87-4817-9FB8-0056D3288044}.Debug|Any CPU.Build.0 = Debug|Any CPU
		{2B79D3A6-BD87-4817-9FB8-0056D3288044}.Release|Any CPU.ActiveCfg = Release|Any CPU
		{2B79D3A6-BD87-4817-9FB8-0056D3288044}.Release|Any CPU.Build.0 = Release|Any CPU
		{C591B90D-A875-4598-8AB1-8B79049DFF91}.Debug|Any CPU.ActiveCfg = Debug|Any CPU
		{C591B90D-A875-4598-8AB1-8B79049DFF91}.Debug|Any CPU.Build.0 = Debug|Any CPU
		{C591B90D-A875-4598-8AB1-8B79049DFF91}.Release|Any CPU.ActiveCfg = Release|Any CPU
		{C591B90D-A875-4598-8AB1-8B79049DFF91}.Release|Any CPU.Build.0 = Release|Any CPU
	EndGlobalSection
	GlobalSection(SolutionProperties) = preSolution
		HideSolutionNode = FALSE
	EndGlobalSection
	GlobalSection(ExtensibilityGlobals) = postSolution
		SolutionGuid = {5BD13DDD-C254-439B-9050-B25C67A0EA73}
	EndGlobalSection
EndGlobal
